
Microsoft Visual Studio Solution File, Format Version 12.00
# Visual Studio Version 17
VisualStudioVersion = 17.10.35027.167
MinimumVisualStudioVersion = 10.0.40219.1
Project("{2150E333-8FDC-42A3-9474-1A3956D46DE8}") = "绑定", "绑定", "{43D7CBDC-48BA-403A-B1B1-B02795B6DCE9}"
EndProject
Project("{2150E333-8FDC-42A3-9474-1A3956D46DE8}") = "02-单值转换器", "02-单值转换器", "{930D9880-2FA3-4977-9AD8-56B3E0089EE9}"
EndProject
Project("{9A19103F-16F7-4668-BE54-9A1E7A4F7556}") = "WPFLearn.SingleValueConverter", "WPFLearn.SingleValueConverter\WPFLearn.SingleValueConverter.csproj", "{CC4C8D2D-D3A0-4ABF-A9DA-7B1471B2143F}"
EndProject
Project("{2150E333-8FDC-42A3-9474-1A3956D46DE8}") = "03-优化参数", "03-优化参数", "{43B71F4E-5448-4DD0-AE80-823B6F2EC5EF}"
EndProject
Project("{9A19103F-16F7-4668-BE54-9A1E7A4F7556}") = "WPFLearn.BindingParameters", "WPFLearn.BindingParameters\WPFLearn.BindingParameters.csproj", "{557EA879-0E7D-4BDC-87A6-A2646F87D7DB}"
EndProject
Project("{2150E333-8FDC-42A3-9474-1A3956D46DE8}") = "样式", "样式", "{81C4251F-76B0-4D7A-9D48-7CDD64B00CEE}"
EndProject
Project("{9A19103F-16F7-4668-BE54-9A1E7A4F7556}") = "WPFLearn.StyleStudy", "WPFLearn.StyleStudy\WPFLearn.StyleStudy.csproj", "{F91E6E94-3A9F-43B3-A310-8EDCCE4C3F1D}"
EndProject
Project("{9A19103F-16F7-4668-BE54-9A1E7A4F7556}") = "WPFLearn.TriggerStudy", "WPFLearn.TriggerStudy\WPFLearn.TriggerStudy.csproj", "{73F60985-0AA3-4D82-A3A1-08FDB8C0AEDC}"
EndProject
Project("{2150E333-8FDC-42A3-9474-1A3956D46DE8}") = "资源", "资源", "{8338BD38-7CEB-4F62-A6EB-6C8071FBCFA3}"
EndProject
Project("{9A19103F-16F7-4668-BE54-9A1E7A4F7556}") = "WPFLearn.ResourceStudy", "WPFLearn.ResourceStudy\WPFLearn.ResourceStudy.csproj", "{64773294-3225-4914-BD15-16D1759CE614}"
EndProject
Project("{2150E333-8FDC-42A3-9474-1A3956D46DE8}") = "01-基础绑定", "01-基础绑定", "{7516CF47-F55F-4F49-ADE5-3D71CFA96BBF}"
EndProject
Project("{9A19103F-16F7-4668-BE54-9A1E7A4F7556}") = "WPFLearn.BindingBase", "WPFLearn.BindingBase\WPFLearn.BindingBase.csproj", "{443D1776-0305-4E23-A3DF-7CA14011D256}"
EndProject
Project("{2150E333-8FDC-42A3-9474-1A3956D46DE8}") = "案例", "案例", "{85118E2F-F5AD-40F8-82E4-7249E106C669}"
EndProject
Project("{9A19103F-16F7-4668-BE54-9A1E7A4F7556}") = "WPFLearn.MQTTClient", "WPFLearn.MQTTClient\WPFLearn.MQTTClient.csproj", "{2D857077-BBAC-49D2-AB35-3AD92FFF5434}"
EndProject
Project("{9A19103F-16F7-4668-BE54-9A1E7A4F7556}") = "WPFLearn.Binding_ElementName", "WPFLearn.Binding_ElementName\WPFLearn.Binding_ElementName.csproj", "{E38081C4-62E2-4AD2-9B96-44F5EB07D4C7}"
EndProject
Project("{9A19103F-16F7-4668-BE54-9A1E7A4F7556}") = "WPFLearn.Binding_XmlDataProvider", "WPFLearn.Binding_XmlDataProvider\WPFLearn.Binding_XmlDataProvider.csproj", "{18AE759E-FED1-402E-B177-4EDBE6991EBB}"
EndProject
Project("{9A19103F-16F7-4668-BE54-9A1E7A4F7556}") = "WPFLearn.Binding_Static", "WPFLearn.Binding_Static\WPFLearn.Binding_Static.csproj", "{20A32AF0-DD3D-484A-8718-E4EA5A8D9371}"
EndProject
Project("{9A19103F-16F7-4668-BE54-9A1E7A4F7556}") = "WPFLearn.Binding_Source", "WPFLearn.Binding_Source\WPFLearn.Binding_Source.csproj", "{754BC824-E600-4230-A6DA-31CAFB5A3706}"
EndProject
Project("{9A19103F-16F7-4668-BE54-9A1E7A4F7556}") = "WPFLearn.Binding_ObjectDataProvider", "WPFLearn.Binding_ObjectDataProvider\WPFLearn.Binding_ObjectDataProvider.csproj", "{9BBD295A-7D71-48E6-8C06-EF7229751EE2}"
EndProject
Project("{9A19103F-16F7-4668-BE54-9A1E7A4F7556}") = "WPFLearn.Binding_DataContext", "WPFLearn.Binding_DataContext\WPFLearn.Binding_DataContext.csproj", "{E8AE9C66-364C-493C-976E-39FF8EA0358A}"
EndProject
Project("{9A19103F-16F7-4668-BE54-9A1E7A4F7556}") = "WPFLearn.Binding_RelativeSource", "WPFLearn.Binding_RelativeSource\WPFLearn.Binding_RelativeSource.csproj", "{E6E0AD7F-9F07-4ED3-AE06-BB684B3BFAE9}"
EndProject
Project("{9A19103F-16F7-4668-BE54-9A1E7A4F7556}") = "WPFLearn.Binding_ObservableCollection", "WPFLearn.Binding_Obserable\WPFLearn.Binding_ObservableCollection.csproj", "{294E48F3-EB98-4B56-98BB-14B184487A93}"
EndProject
Project("{9A19103F-16F7-4668-BE54-9A1E7A4F7556}") = "WPFLearn.Binding_Mode", "WPFLearn.Binding_Mode\WPFLearn.Binding_Mode.csproj", "{A43F1638-739E-4485-9749-E04F7AD1B751}"
EndProject
Project("{2150E333-8FDC-42A3-9474-1A3956D46DE8}") = "UI库", "UI库", "{5D482BBE-EC3F-4196-B9D9-0358FB8C6B85}"
EndProject
Project("{FAE04EC0-301F-11D3-BF4B-00C04F79EFBC}") = "WPFLearn.MahApp", "WPFLearn.MahApp\WPFLearn.MahApp.csproj", "{CCDE6A4C-0624-4334-BAF0-DD361AE2D482}"
EndProject
Project("{FAE04EC0-301F-11D3-BF4B-00C04F79EFBC}") = "WPFLearn.BindingValidation", "WPFLearn.BindingValidation\WPFLearn.BindingValidation.csproj", "{2E37391A-C19D-4276-AFEF-D6DACA303257}"
EndProject
Project("{2150E333-8FDC-42A3-9474-1A3956D46DE8}") = "12-优先级绑定", "12-优先级绑定", "{224A135D-AAAE-4F6F-A8F0-8B873FF4733E}"
EndProject
Project("{FAE04EC0-301F-11D3-BF4B-00C04F79EFBC}") = "WPFLearn.PriorityBindingDemo", "WPFLearn.PriorityBindingDemo\WPFLearn.PriorityBindingDemo.csproj", "{1A072C94-6E10-47DD-9827-710ABFFAF882}"
EndProject
Project("{2150E333-8FDC-42A3-9474-1A3956D46DE8}") = "图形", "图形", "{3587F523-FA57-4BB9-84DF-908BDEE2E8CC}"
EndProject
Project("{FAE04EC0-301F-11D3-BF4B-00C04F79EFBC}") = "WPFLearn.ShapeBasic", "WPFLearn.ShapeBasic\WPFLearn.ShapeBasic.csproj", "{4DC25D7E-720A-4001-B644-E5713C41C4EA}"
EndProject
Project("{2150E333-8FDC-42A3-9474-1A3956D46DE8}") = "生命周期事件", "生命周期事件", "{F03A7582-FCB4-4514-92E1-4E3E6B0203BF}"
EndProject
Project("{FAE04EC0-301F-11D3-BF4B-00C04F79EFBC}") = "WPFLearn.LifeCycle", "WPFLearn.LifeCycle\WPFLearn.LifeCycle.csproj", "{02B19892-5DD0-4BD3-8639-60BC4A75647E}"
EndProject
Project("{2150E333-8FDC-42A3-9474-1A3956D46DE8}") = "MVVM", "MVVM", "{3356416F-CE30-4747-A567-C40C1639CA95}"
EndProject
Project("{FAE04EC0-301F-11D3-BF4B-00C04F79EFBC}") = "WPFLearn.MVVMBasic", "WPFLearn.MVVMBasic\WPFLearn.MVVMBasic.csproj", "{F1C0A5D8-1109-4323-B084-6075102E929E}"
EndProject
Project("{FAE04EC0-301F-11D3-BF4B-00C04F79EFBC}") = "WPFLearn.OrderFood", "WPFLearn.OrderFood\WPFLearn.OrderFood.csproj", "{1059EF23-B274-4FC9-8075-32983E5D5D76}"
EndProject
Project("{2150E333-8FDC-42A3-9474-1A3956D46DE8}") = "依赖属性和附加属性", "依赖属性和附加属性", "{D025FD63-3317-4F84-B504-856ABF37DF31}"
EndProject
Project("{FAE04EC0-301F-11D3-BF4B-00C04F79EFBC}") = "WPFLearn.DependencyPropertyDemo", "WPFLearn.DependencyPropertyDemo\WPFLearn.DependencyPropertyDemo.csproj", "{13E5CA0B-3613-4B4D-A526-2A4BF399BAF0}"
EndProject
Global
	GlobalSection(SolutionConfigurationPlatforms) = preSolution
		Debug|Any CPU = Debug|Any CPU
		Release|Any CPU = Release|Any CPU
	EndGlobalSection
	GlobalSection(ProjectConfigurationPlatforms) = postSolution
		{CC4C8D2D-D3A0-4ABF-A9DA-7B1471B2143F}.Debug|Any CPU.ActiveCfg = Debug|Any CPU
		{CC4C8D2D-D3A0-4ABF-A9DA-7B1471B2143F}.Debug|Any CPU.Build.0 = Debug|Any CPU
		{CC4C8D2D-D3A0-4ABF-A9DA-7B1471B2143F}.Release|Any CPU.ActiveCfg = Release|Any CPU
		{CC4C8D2D-D3A0-4ABF-A9DA-7B1471B2143F}.Release|Any CPU.Build.0 = Release|Any CPU
		{557EA879-0E7D-4BDC-87A6-A2646F87D7DB}.Debug|Any CPU.ActiveCfg = Debug|Any CPU
		{557EA879-0E7D-4BDC-87A6-A2646F87D7DB}.Debug|Any CPU.Build.0 = Debug|Any CPU
		{557EA879-0E7D-4BDC-87A6-A2646F87D7DB}.Release|Any CPU.ActiveCfg = Release|Any CPU
		{557EA879-0E7D-4BDC-87A6-A2646F87D7DB}.Release|Any CPU.Build.0 = Release|Any CPU
		{F91E6E94-3A9F-43B3-A310-8EDCCE4C3F1D}.Debug|Any CPU.ActiveCfg = Debug|Any CPU
		{F91E6E94-3A9F-43B3-A310-8EDCCE4C3F1D}.Debug|Any CPU.Build.0 = Debug|Any CPU
		{F91E6E94-3A9F-43B3-A310-8EDCCE4C3F1D}.Release|Any CPU.ActiveCfg = Release|Any CPU
		{F91E6E94-3A9F-43B3-A310-8EDCCE4C3F1D}.Release|Any CPU.Build.0 = Release|Any CPU
		{73F60985-0AA3-4D82-A3A1-08FDB8C0AEDC}.Debug|Any CPU.ActiveCfg = Debug|Any CPU
		{73F60985-0AA3-4D82-A3A1-08FDB8C0AEDC}.Debug|Any CPU.Build.0 = Debug|Any CPU
		{73F60985-0AA3-4D82-A3A1-08FDB8C0AEDC}.Release|Any CPU.ActiveCfg = Release|Any CPU
		{73F60985-0AA3-4D82-A3A1-08FDB8C0AEDC}.Release|Any CPU.Build.0 = Release|Any CPU
		{64773294-3225-4914-BD15-16D1759CE614}.Debug|Any CPU.ActiveCfg = Debug|Any CPU
		{64773294-3225-4914-BD15-16D1759CE614}.Debug|Any CPU.Build.0 = Debug|Any CPU
		{64773294-3225-4914-BD15-16D1759CE614}.Release|Any CPU.ActiveCfg = Release|Any CPU
		{64773294-3225-4914-BD15-16D1759CE614}.Release|Any CPU.Build.0 = Release|Any CPU
		{443D1776-0305-4E23-A3DF-7CA14011D256}.Debug|Any CPU.ActiveCfg = Debug|Any CPU
		{443D1776-0305-4E23-A3DF-7CA14011D256}.Debug|Any CPU.Build.0 = Debug|Any CPU
		{443D1776-0305-4E23-A3DF-7CA14011D256}.Release|Any CPU.ActiveCfg = Release|Any CPU
		{443D1776-0305-4E23-A3DF-7CA14011D256}.Release|Any CPU.Build.0 = Release|Any CPU
		{2D857077-BBAC-49D2-AB35-3AD92FFF5434}.Debug|Any CPU.ActiveCfg = Debug|Any CPU
		{2D857077-BBAC-49D2-AB35-3AD92FFF5434}.Debug|Any CPU.Build.0 = Debug|Any CPU
		{2D857077-BBAC-49D2-AB35-3AD92FFF5434}.Release|Any CPU.ActiveCfg = Release|Any CPU
		{2D857077-BBAC-49D2-AB35-3AD92FFF5434}.Release|Any CPU.Build.0 = Release|Any CPU
		{E38081C4-62E2-4AD2-9B96-44F5EB07D4C7}.Debug|Any CPU.ActiveCfg = Debug|Any CPU
		{E38081C4-62E2-4AD2-9B96-44F5EB07D4C7}.Debug|Any CPU.Build.0 = Debug|Any CPU
		{E38081C4-62E2-4AD2-9B96-44F5EB07D4C7}.Release|Any CPU.ActiveCfg = Release|Any CPU
		{E38081C4-62E2-4AD2-9B96-44F5EB07D4C7}.Release|Any CPU.Build.0 = Release|Any CPU
		{18AE759E-FED1-402E-B177-4EDBE6991EBB}.Debug|Any CPU.ActiveCfg = Debug|Any CPU
		{18AE759E-FED1-402E-B177-4EDBE6991EBB}.Debug|Any CPU.Build.0 = Debug|Any CPU
		{18AE759E-FED1-402E-B177-4EDBE6991EBB}.Release|Any CPU.ActiveCfg = Release|Any CPU
		{18AE759E-FED1-402E-B177-4EDBE6991EBB}.Release|Any CPU.Build.0 = Release|Any CPU
		{20A32AF0-DD3D-484A-8718-E4EA5A8D9371}.Debug|Any CPU.ActiveCfg = Debug|Any CPU
		{20A32AF0-DD3D-484A-8718-E4EA5A8D9371}.Debug|Any CPU.Build.0 = Debug|Any CPU
		{20A32AF0-DD3D-484A-8718-E4EA5A8D9371}.Release|Any CPU.ActiveCfg = Release|Any CPU
		{20A32AF0-DD3D-484A-8718-E4EA5A8D9371}.Release|Any CPU.Build.0 = Release|Any CPU
		{754BC824-E600-4230-A6DA-31CAFB5A3706}.Debug|Any CPU.ActiveCfg = Debug|Any CPU
		{754BC824-E600-4230-A6DA-31CAFB5A3706}.Debug|Any CPU.Build.0 = Debug|Any CPU
		{754BC824-E600-4230-A6DA-31CAFB5A3706}.Release|Any CPU.ActiveCfg = Release|Any CPU
		{754BC824-E600-4230-A6DA-31CAFB5A3706}.Release|Any CPU.Build.0 = Release|Any CPU
		{9BBD295A-7D71-48E6-8C06-EF7229751EE2}.Debug|Any CPU.ActiveCfg = Debug|Any CPU
		{9BBD295A-7D71-48E6-8C06-EF7229751EE2}.Debug|Any CPU.Build.0 = Debug|Any CPU
		{9BBD295A-7D71-48E6-8C06-EF7229751EE2}.Release|Any CPU.ActiveCfg = Release|Any CPU
		{9BBD295A-7D71-48E6-8C06-EF7229751EE2}.Release|Any CPU.Build.0 = Release|Any CPU
		{E8AE9C66-364C-493C-976E-39FF8EA0358A}.Debug|Any CPU.ActiveCfg = Debug|Any CPU
		{E8AE9C66-364C-493C-976E-39FF8EA0358A}.Debug|Any CPU.Build.0 = Debug|Any CPU
		{E8AE9C66-364C-493C-976E-39FF8EA0358A}.Release|Any CPU.ActiveCfg = Release|Any CPU
		{E8AE9C66-364C-493C-976E-39FF8EA0358A}.Release|Any CPU.Build.0 = Release|Any CPU
		{E6E0AD7F-9F07-4ED3-AE06-BB684B3BFAE9}.Debug|Any CPU.ActiveCfg = Debug|Any CPU
		{E6E0AD7F-9F07-4ED3-AE06-BB684B3BFAE9}.Debug|Any CPU.Build.0 = Debug|Any CPU
		{E6E0AD7F-9F07-4ED3-AE06-BB684B3BFAE9}.Release|Any CPU.ActiveCfg = Release|Any CPU
		{E6E0AD7F-9F07-4ED3-AE06-BB684B3BFAE9}.Release|Any CPU.Build.0 = Release|Any CPU
		{294E48F3-EB98-4B56-98BB-14B184487A93}.Debug|Any CPU.ActiveCfg = Debug|Any CPU
		{294E48F3-EB98-4B56-98BB-14B184487A93}.Debug|Any CPU.Build.0 = Debug|Any CPU
		{294E48F3-EB98-4B56-98BB-14B184487A93}.Release|Any CPU.ActiveCfg = Release|Any CPU
		{294E48F3-EB98-4B56-98BB-14B184487A93}.Release|Any CPU.Build.0 = Release|Any CPU
		{A43F1638-739E-4485-9749-E04F7AD1B751}.Debug|Any CPU.ActiveCfg = Debug|Any CPU
		{A43F1638-739E-4485-9749-E04F7AD1B751}.Debug|Any CPU.Build.0 = Debug|Any CPU
		{A43F1638-739E-4485-9749-E04F7AD1B751}.Release|Any CPU.ActiveCfg = Release|Any CPU
		{A43F1638-739E-4485-9749-E04F7AD1B751}.Release|Any CPU.Build.0 = Release|Any CPU
		{CCDE6A4C-0624-4334-BAF0-DD361AE2D482}.Debug|Any CPU.ActiveCfg = Debug|Any CPU
		{CCDE6A4C-0624-4334-BAF0-DD361AE2D482}.Debug|Any CPU.Build.0 = Debug|Any CPU
		{CCDE6A4C-0624-4334-BAF0-DD361AE2D482}.Release|Any CPU.ActiveCfg = Release|Any CPU
		{CCDE6A4C-0624-4334-BAF0-DD361AE2D482}.Release|Any CPU.Build.0 = Release|Any CPU
		{2E37391A-C19D-4276-AFEF-D6DACA303257}.Debug|Any CPU.ActiveCfg = Debug|Any CPU
		{2E37391A-C19D-4276-AFEF-D6DACA303257}.Debug|Any CPU.Build.0 = Debug|Any CPU
		{2E37391A-C19D-4276-AFEF-D6DACA303257}.Release|Any CPU.ActiveCfg = Release|Any CPU
		{2E37391A-C19D-4276-AFEF-D6DACA303257}.Release|Any CPU.Build.0 = Release|Any CPU
		{1A072C94-6E10-47DD-9827-710ABFFAF882}.Debug|Any CPU.ActiveCfg = Debug|Any CPU
		{1A072C94-6E10-47DD-9827-710ABFFAF882}.Debug|Any CPU.Build.0 = Debug|Any CPU
		{1A072C94-6E10-47DD-9827-710ABFFAF882}.Release|Any CPU.ActiveCfg = Release|Any CPU
		{1A072C94-6E10-47DD-9827-710ABFFAF882}.Release|Any CPU.Build.0 = Release|Any CPU
		{4DC25D7E-720A-4001-B644-E5713C41C4EA}.Debug|Any CPU.ActiveCfg = Debug|Any CPU
		{4DC25D7E-720A-4001-B644-E5713C41C4EA}.Debug|Any CPU.Build.0 = Debug|Any CPU
		{4DC25D7E-720A-4001-B644-E5713C41C4EA}.Release|Any CPU.ActiveCfg = Release|Any CPU
		{4DC25D7E-720A-4001-B644-E5713C41C4EA}.Release|Any CPU.Build.0 = Release|Any CPU
		{02B19892-5DD0-4BD3-8639-60BC4A75647E}.Debug|Any CPU.ActiveCfg = Debug|Any CPU
		{02B19892-5DD0-4BD3-8639-60BC4A75647E}.Debug|Any CPU.Build.0 = Debug|Any CPU
		{02B19892-5DD0-4BD3-8639-60BC4A75647E}.Release|Any CPU.ActiveCfg = Release|Any CPU
		{02B19892-5DD0-4BD3-8639-60BC4A75647E}.Release|Any CPU.Build.0 = Release|Any CPU
		{F1C0A5D8-1109-4323-B084-6075102E929E}.Debug|Any CPU.ActiveCfg = Debug|Any CPU
		{F1C0A5D8-1109-4323-B084-6075102E929E}.Debug|Any CPU.Build.0 = Debug|Any CPU
		{F1C0A5D8-1109-4323-B084-6075102E929E}.Release|Any CPU.ActiveCfg = Release|Any CPU
		{F1C0A5D8-1109-4323-B084-6075102E929E}.Release|Any CPU.Build.0 = Release|Any CPU
		{1059EF23-B274-4FC9-8075-32983E5D5D76}.Debug|Any CPU.ActiveCfg = Debug|Any CPU
		{1059EF23-B274-4FC9-8075-32983E5D5D76}.Debug|Any CPU.Build.0 = Debug|Any CPU
		{1059EF23-B274-4FC9-8075-32983E5D5D76}.Release|Any CPU.ActiveCfg = Release|Any CPU
		{1059EF23-B274-4FC9-8075-32983E5D5D76}.Release|Any CPU.Build.0 = Release|Any CPU
		{13E5CA0B-3613-4B4D-A526-2A4BF399BAF0}.Debug|Any CPU.ActiveCfg = Debug|Any CPU
		{13E5CA0B-3613-4B4D-A526-2A4BF399BAF0}.Debug|Any CPU.Build.0 = Debug|Any CPU
		{13E5CA0B-3613-4B4D-A526-2A4BF399BAF0}.Release|Any CPU.ActiveCfg = Release|Any CPU
		{13E5CA0B-3613-4B4D-A526-2A4BF399BAF0}.Release|Any CPU.Build.0 = Release|Any CPU
	EndGlobalSection
	GlobalSection(SolutionProperties) = preSolution
		HideSolutionNode = FALSE
	EndGlobalSection
	GlobalSection(NestedProjects) = preSolution
		{930D9880-2FA3-4977-9AD8-56B3E0089EE9} = {43D7CBDC-48BA-403A-B1B1-B02795B6DCE9}
		{CC4C8D2D-D3A0-4ABF-A9DA-7B1471B2143F} = {930D9880-2FA3-4977-9AD8-56B3E0089EE9}
		{43B71F4E-5448-4DD0-AE80-823B6F2EC5EF} = {43D7CBDC-48BA-403A-B1B1-B02795B6DCE9}
		{557EA879-0E7D-4BDC-87A6-A2646F87D7DB} = {43B71F4E-5448-4DD0-AE80-823B6F2EC5EF}
		{F91E6E94-3A9F-43B3-A310-8EDCCE4C3F1D} = {81C4251F-76B0-4D7A-9D48-7CDD64B00CEE}
		{73F60985-0AA3-4D82-A3A1-08FDB8C0AEDC} = {81C4251F-76B0-4D7A-9D48-7CDD64B00CEE}
		{64773294-3225-4914-BD15-16D1759CE614} = {8338BD38-7CEB-4F62-A6EB-6C8071FBCFA3}
		{7516CF47-F55F-4F49-ADE5-3D71CFA96BBF} = {43D7CBDC-48BA-403A-B1B1-B02795B6DCE9}
		{443D1776-0305-4E23-A3DF-7CA14011D256} = {7516CF47-F55F-4F49-ADE5-3D71CFA96BBF}
		{2D857077-BBAC-49D2-AB35-3AD92FFF5434} = {85118E2F-F5AD-40F8-82E4-7249E106C669}
		{E38081C4-62E2-4AD2-9B96-44F5EB07D4C7} = {7516CF47-F55F-4F49-ADE5-3D71CFA96BBF}
		{18AE759E-FED1-402E-B177-4EDBE6991EBB} = {7516CF47-F55F-4F49-ADE5-3D71CFA96BBF}
		{20A32AF0-DD3D-484A-8718-E4EA5A8D9371} = {7516CF47-F55F-4F49-ADE5-3D71CFA96BBF}
		{754BC824-E600-4230-A6DA-31CAFB5A3706} = {7516CF47-F55F-4F49-ADE5-3D71CFA96BBF}
		{9BBD295A-7D71-48E6-8C06-EF7229751EE2} = {7516CF47-F55F-4F49-ADE5-3D71CFA96BBF}
		{E8AE9C66-364C-493C-976E-39FF8EA0358A} = {7516CF47-F55F-4F49-ADE5-3D71CFA96BBF}
		{E6E0AD7F-9F07-4ED3-AE06-BB684B3BFAE9} = {7516CF47-F55F-4F49-ADE5-3D71CFA96BBF}
		{294E48F3-EB98-4B56-98BB-14B184487A93} = {7516CF47-F55F-4F49-ADE5-3D71CFA96BBF}
		{A43F1638-739E-4485-9749-E04F7AD1B751} = {7516CF47-F55F-4F49-ADE5-3D71CFA96BBF}
		{CCDE6A4C-0624-4334-BAF0-DD361AE2D482} = {5D482BBE-EC3F-4196-B9D9-0358FB8C6B85}
		{2E37391A-C19D-4276-AFEF-D6DACA303257} = {930D9880-2FA3-4977-9AD8-56B3E0089EE9}
		{224A135D-AAAE-4F6F-A8F0-8B873FF4733E} = {43D7CBDC-48BA-403A-B1B1-B02795B6DCE9}
		{1A072C94-6E10-47DD-9827-710ABFFAF882} = {224A135D-AAAE-4F6F-A8F0-8B873FF4733E}
		{4DC25D7E-720A-4001-B644-E5713C41C4EA} = {3587F523-FA57-4BB9-84DF-908BDEE2E8CC}
		{02B19892-5DD0-4BD3-8639-60BC4A75647E} = {F03A7582-FCB4-4514-92E1-4E3E6B0203BF}
		{F1C0A5D8-1109-4323-B084-6075102E929E} = {3356416F-CE30-4747-A567-C40C1639CA95}
		{1059EF23-B274-4FC9-8075-32983E5D5D76} = {3356416F-CE30-4747-A567-C40C1639CA95}
		{13E5CA0B-3613-4B4D-A526-2A4BF399BAF0} = {D025FD63-3317-4F84-B504-856ABF37DF31}
	EndGlobalSection
	GlobalSection(ExtensibilityGlobals) = postSolution
		SolutionGuid = {743B0726-F3F7-41AC-B3CD-C7F33E4501C3}
	EndGlobalSection
EndGlobal
